// !$*UTF8*$!
{
	archiveVersion = 1;
	classes = {
	};
	objectVersion = 56;
	objects = {

/* Begin PBXBuildFile section */
		B778979829FB94B0006C63AF /* ContentViewNew.swift in Sources */ = {isa = PBXBuildFile; fileRef = B778979729FB94B0006C63AF /* ContentViewNew.swift */; };
		B7B0802929FAD21D000C3681 /* TennisIOApp.swift in Sources */ = {isa = PBXBuildFile; fileRef = B7B0802829FAD21D000C3681 /* TennisIOApp.swift */; };
		B7B0802B29FAD21D000C3681 /* ContentView.swift in Sources */ = {isa = PBXBuildFile; fileRef = B7B0802A29FAD21D000C3681 /* ContentView.swift */; };
		B7B0802D29FAD21F000C3681 /* Assets.xcassets in Resources */ = {isa = PBXBuildFile; fileRef = B7B0802C29FAD21F000C3681 /* Assets.xcassets */; };
		B7B0803029FAD21F000C3681 /* Preview Assets.xcassets in Resources */ = {isa = PBXBuildFile; fileRef = B7B0802F29FAD21F000C3681 /* Preview Assets.xcassets */; };
		B7D330D729FF01340007183C /* SelectMovementTypeView.swift in Sources */ = {isa = PBXBuildFile; fileRef = B7D330D629FF01340007183C /* SelectMovementTypeView.swift */; };
		B7D330D929FF06F90007183C /* GatherDataView.swift in Sources */ = {isa = PBXBuildFile; fileRef = B7D330D829FF06F90007183C /* GatherDataView.swift */; };
		B7D330DC29FF09510007183C /* TennisData.xcdatamodeld in Sources */ = {isa = PBXBuildFile; fileRef = B7D330DA29FF09510007183C /* TennisData.xcdatamodeld */; };
		B7D330E42A0167950007183C /* TennisUtils.swift in Sources */ = {isa = PBXBuildFile; fileRef = B7D330E32A0167950007183C /* TennisUtils.swift */; };
		B7D330E62A0D70E00007183C /* ListSavedMovementsView.swift in Sources */ = {isa = PBXBuildFile; fileRef = B7D330E52A0D70E00007183C /* ListSavedMovementsView.swift */; };
/* End PBXBuildFile section */

/* Begin PBXFileReference section */
		B753873C2A4780A400940C71 /* TennisIO-Watch-App-Info.plist */ = {isa = PBXFileReference; lastKnownFileType = text.plist; path = "TennisIO-Watch-App-Info.plist"; sourceTree = SOURCE_ROOT; };
		B753873D2A47A71200940C71 /* TennisIO Watch App.entitlements */ = {isa = PBXFileReference; lastKnownFileType = text.plist.entitlements; path = "TennisIO Watch App.entitlements"; sourceTree = "<group>"; };
		B778979729FB94B0006C63AF /* ContentViewNew.swift */ = {isa = PBXFileReference; lastKnownFileType = sourcecode.swift; path = ContentViewNew.swift; sourceTree = "<group>"; };
		B7B0802329FAD21D000C3681 /* TennisIO Watch App.app */ = {isa = PBXFileReference; explicitFileType = wrapper.application; includeInIndex = 0; path = "TennisIO Watch App.app"; sourceTree = BUILT_PRODUCTS_DIR; };
		B7B0802829FAD21D000C3681 /* TennisIOApp.swift */ = {isa = PBXFileReference; lastKnownFileType = sourcecode.swift; path = TennisIOApp.swift; sourceTree = "<group>"; };
		B7B0802A29FAD21D000C3681 /* ContentView.swift */ = {isa = PBXFileReference; lastKnownFileType = sourcecode.swift; path = ContentView.swift; sourceTree = "<group>"; };
		B7B0802C29FAD21F000C3681 /* Assets.xcassets */ = {isa = PBXFileReference; lastKnownFileType = folder.assetcatalog; path = Assets.xcassets; sourceTree = "<group>"; };
		B7B0802F29FAD21F000C3681 /* Preview Assets.xcassets */ = {isa = PBXFileReference; lastKnownFileType = folder.assetcatalog; path = "Preview Assets.xcassets"; sourceTree = "<group>"; };
		B7D330D629FF01340007183C /* SelectMovementTypeView.swift */ = {isa = PBXFileReference; lastKnownFileType = sourcecode.swift; path = SelectMovementTypeView.swift; sourceTree = "<group>"; };
		B7D330D829FF06F90007183C /* GatherDataView.swift */ = {isa = PBXFileReference; lastKnownFileType = sourcecode.swift; path = GatherDataView.swift; sourceTree = "<group>"; };
		B7D330DB29FF09510007183C /* TennisData.xcdatamodel */ = {isa = PBXFileReference; lastKnownFileType = wrapper.xcdatamodel; path = TennisData.xcdatamodel; sourceTree = "<group>"; };
		B7D330E32A0167950007183C /* TennisUtils.swift */ = {isa = PBXFileReference; lastKnownFileType = sourcecode.swift; path = TennisUtils.swift; sourceTree = "<group>"; };
		B7D330E52A0D70E00007183C /* ListSavedMovementsView.swift */ = {isa = PBXFileReference; lastKnownFileType = sourcecode.swift; path = ListSavedMovementsView.swift; sourceTree = "<group>"; };
/* End PBXFileReference section */

/* Begin PBXFrameworksBuildPhase section */
		B7B0802029FAD21D000C3681 /* Frameworks */ = {
			isa = PBXFrameworksBuildPhase;
			buildActionMask = 2147483647;
			files = (
			);
			runOnlyForDeploymentPostprocessing = 0;
		};
/* End PBXFrameworksBuildPhase section */

/* Begin PBXGroup section */
		B7B07FF429FAD1DD000C3681 = {
			isa = PBXGroup;
			children = (
				B7B0802729FAD21D000C3681 /* TennisIO Watch App */,
				B7B07FFE29FAD1DE000C3681 /* Products */,
			);
			sourceTree = "<group>";
		};
		B7B07FFE29FAD1DE000C3681 /* Products */ = {
			isa = PBXGroup;
			children = (
				B7B0802329FAD21D000C3681 /* TennisIO Watch App.app */,
			);
			name = Products;
			sourceTree = "<group>";
		};
		B7B0802729FAD21D000C3681 /* TennisIO Watch App */ = {
			isa = PBXGroup;
			children = (
				B753873D2A47A71200940C71 /* TennisIO Watch App.entitlements */,
				B753873C2A4780A400940C71 /* TennisIO-Watch-App-Info.plist */,
				B7B0802829FAD21D000C3681 /* TennisIOApp.swift */,
				B7B0802A29FAD21D000C3681 /* ContentView.swift */,
				B778979729FB94B0006C63AF /* ContentViewNew.swift */,
				B7B0802C29FAD21F000C3681 /* Assets.xcassets */,
				B7B0802E29FAD21F000C3681 /* Preview Content */,
				B7D330D629FF01340007183C /* SelectMovementTypeView.swift */,
				B7D330D829FF06F90007183C /* GatherDataView.swift */,
				B7D330DA29FF09510007183C /* TennisData.xcdatamodeld */,
				B7D330E32A0167950007183C /* TennisUtils.swift */,
				B7D330E52A0D70E00007183C /* ListSavedMovementsView.swift */,
			);
			path = "TennisIO Watch App";
			sourceTree = "<group>";
		};
		B7B0802E29FAD21F000C3681 /* Preview Content */ = {
			isa = PBXGroup;
			children = (
				B7B0802F29FAD21F000C3681 /* Preview Assets.xcassets */,
			);
			path = "Preview Content";
			sourceTree = "<group>";
		};
/* End PBXGroup section */

/* Begin PBXNativeTarget section */
		B7B0802229FAD21D000C3681 /* TennisIO Watch App */ = {
			isa = PBXNativeTarget;
			buildConfigurationList = B7B0804929FAD21F000C3681 /* Build configuration list for PBXNativeTarget "TennisIO Watch App" */;
			buildPhases = (
				B7B0801F29FAD21D000C3681 /* Sources */,
				B7B0802029FAD21D000C3681 /* Frameworks */,
				B7B0802129FAD21D000C3681 /* Resources */,
			);
			buildRules = (
			);
			dependencies = (
			);
			name = "TennisIO Watch App";
			productName = "TennisIO Watch App";
			productReference = B7B0802329FAD21D000C3681 /* TennisIO Watch App.app */;
			productType = "com.apple.product-type.application";
		};
/* End PBXNativeTarget section */

/* Begin PBXProject section */
		B7B07FF529FAD1DD000C3681 /* Project object */ = {
			isa = PBXProject;
			attributes = {
				BuildIndependentTargetsInParallel = 1;
				LastSwiftUpdateCheck = 1430;
				LastUpgradeCheck = 1430;
				TargetAttributes = {
					B7B0802229FAD21D000C3681 = {
						CreatedOnToolsVersion = 14.3;
					};
				};
			};
			buildConfigurationList = B7B07FF829FAD1DD000C3681 /* Build configuration list for PBXProject "TennisIO" */;
			compatibilityVersion = "Xcode 14.0";
			developmentRegion = en;
			hasScannedForEncodings = 0;
			knownRegions = (
				en,
				Base,
			);
			mainGroup = B7B07FF429FAD1DD000C3681;
			productRefGroup = B7B07FFE29FAD1DE000C3681 /* Products */;
			projectDirPath = "";
			projectRoot = "";
			targets = (
				B7B0802229FAD21D000C3681 /* TennisIO Watch App */,
			);
		};
/* End PBXProject section */

/* Begin PBXResourcesBuildPhase section */
		B7B0802129FAD21D000C3681 /* Resources */ = {
			isa = PBXResourcesBuildPhase;
			buildActionMask = 2147483647;
			files = (
				B7B0803029FAD21F000C3681 /* Preview Assets.xcassets in Resources */,
				B7B0802D29FAD21F000C3681 /* Assets.xcassets in Resources */,
			);
			runOnlyForDeploymentPostprocessing = 0;
		};
/* End PBXResourcesBuildPhase section */

/* Begin PBXSourcesBuildPhase section */
		B7B0801F29FAD21D000C3681 /* Sources */ = {
			isa = PBXSourcesBuildPhase;
			buildActionMask = 2147483647;
			files = (
				B7B0802B29FAD21D000C3681 /* ContentView.swift in Sources */,
				B7B0802929FAD21D000C3681 /* TennisIOApp.swift in Sources */,
				B7D330E42A0167950007183C /* TennisUtils.swift in Sources */,
				B7D330DC29FF09510007183C /* TennisData.xcdatamodeld in Sources */,
				B778979829FB94B0006C63AF /* ContentViewNew.swift in Sources */,
				B7D330D929FF06F90007183C /* GatherDataView.swift in Sources */,
				B7D330D729FF01340007183C /* SelectMovementTypeView.swift in Sources */,
				B7D330E62A0D70E00007183C /* ListSavedMovementsView.swift in Sources */,
			);
			runOnlyForDeploymentPostprocessing = 0;
		};
/* End PBXSourcesBuildPhase section */

/* Begin XCBuildConfiguration section */
		B7B0804729FAD21F000C3681 /* Debug */ = {
			isa = XCBuildConfiguration;
			buildSettings = {
				ALWAYS_SEARCH_USER_PATHS = NO;
				CLANG_ANALYZER_NONNULL = YES;
				CLANG_ANALYZER_NUMBER_OBJECT_CONVERSION = YES_AGGRESSIVE;
				CLANG_CXX_LANGUAGE_STANDARD = "gnu++20";
				CLANG_ENABLE_MODULES = YES;
				CLANG_ENABLE_OBJC_ARC = YES;
				CLANG_ENABLE_OBJC_WEAK = YES;
				CLANG_WARN_BLOCK_CAPTURE_AUTORELEASING = YES;
				CLANG_WARN_BOOL_CONVERSION = YES;
				CLANG_WARN_COMMA = YES;
				CLANG_WARN_CONSTANT_CONVERSION = YES;
				CLANG_WARN_DEPRECATED_OBJC_IMPLEMENTATIONS = YES;
				CLANG_WARN_DIRECT_OBJC_ISA_USAGE = YES_ERROR;
				CLANG_WARN_DOCUMENTATION_COMMENTS = YES;
				CLANG_WARN_EMPTY_BODY = YES;
				CLANG_WARN_ENUM_CONVERSION = YES;
				CLANG_WARN_INFINITE_RECURSION = YES;
				CLANG_WARN_INT_CONVERSION = YES;
				CLANG_WARN_NON_LITERAL_NULL_CONVERSION = YES;
				CLANG_WARN_OBJC_IMPLICIT_RETAIN_SELF = YES;
				CLANG_WARN_OBJC_LITERAL_CONVERSION = YES;
				CLANG_WARN_OBJC_ROOT_CLASS = YES_ERROR;
				CLANG_WARN_QUOTED_INCLUDE_IN_FRAMEWORK_HEADER = YES;
				CLANG_WARN_RANGE_LOOP_ANALYSIS = YES;
				CLANG_WARN_STRICT_PROTOTYPES = YES;
				CLANG_WARN_SUSPICIOUS_MOVE = YES;
				CLANG_WARN_UNGUARDED_AVAILABILITY = YES_AGGRESSIVE;
				CLANG_WARN_UNREACHABLE_CODE = YES;
				CLANG_WARN__DUPLICATE_METHOD_MATCH = YES;
				COPY_PHASE_STRIP = NO;
				DEBUG_INFORMATION_FORMAT = dwarf;
				ENABLE_STRICT_OBJC_MSGSEND = YES;
				ENABLE_TESTABILITY = YES;
				GCC_C_LANGUAGE_STANDARD = gnu11;
				GCC_DYNAMIC_NO_PIC = NO;
				GCC_NO_COMMON_BLOCKS = YES;
				GCC_OPTIMIZATION_LEVEL = 0;
				GCC_PREPROCESSOR_DEFINITIONS = (
					"DEBUG=1",
					"$(inherited)",
				);
				GCC_WARN_64_TO_32_BIT_CONVERSION = YES;
				GCC_WARN_ABOUT_RETURN_TYPE = YES_ERROR;
				GCC_WARN_UNDECLARED_SELECTOR = YES;
				GCC_WARN_UNINITIALIZED_AUTOS = YES_AGGRESSIVE;
				GCC_WARN_UNUSED_FUNCTION = YES;
				GCC_WARN_UNUSED_VARIABLE = YES;
				MTL_ENABLE_DEBUG_INFO = INCLUDE_SOURCE;
				MTL_FAST_MATH = YES;
				ONLY_ACTIVE_ARCH = NO;
				SWIFT_ACTIVE_COMPILATION_CONDITIONS = DEBUG;
				SWIFT_OPTIMIZATION_LEVEL = "-Onone";
			};
			name = Debug;
		};
		B7B0804829FAD21F000C3681 /* Release */ = {
			isa = XCBuildConfiguration;
			buildSettings = {
				ALWAYS_SEARCH_USER_PATHS = NO;
				CLANG_ANALYZER_NONNULL = YES;
				CLANG_ANALYZER_NUMBER_OBJECT_CONVERSION = YES_AGGRESSIVE;
				CLANG_CXX_LANGUAGE_STANDARD = "gnu++20";
				CLANG_ENABLE_MODULES = YES;
				CLANG_ENABLE_OBJC_ARC = YES;
				CLANG_ENABLE_OBJC_WEAK = YES;
				CLANG_WARN_BLOCK_CAPTURE_AUTORELEASING = YES;
				CLANG_WARN_BOOL_CONVERSION = YES;
				CLANG_WARN_COMMA = YES;
				CLANG_WARN_CONSTANT_CONVERSION = YES;
				CLANG_WARN_DEPRECATED_OBJC_IMPLEMENTATIONS = YES;
				CLANG_WARN_DIRECT_OBJC_ISA_USAGE = YES_ERROR;
				CLANG_WARN_DOCUMENTATION_COMMENTS = YES;
				CLANG_WARN_EMPTY_BODY = YES;
				CLANG_WARN_ENUM_CONVERSION = YES;
				CLANG_WARN_INFINITE_RECURSION = YES;
				CLANG_WARN_INT_CONVERSION = YES;
				CLANG_WARN_NON_LITERAL_NULL_CONVERSION = YES;
				CLANG_WARN_OBJC_IMPLICIT_RETAIN_SELF = YES;
				CLANG_WARN_OBJC_LITERAL_CONVERSION = YES;
				CLANG_WARN_OBJC_ROOT_CLASS = YES_ERROR;
				CLANG_WARN_QUOTED_INCLUDE_IN_FRAMEWORK_HEADER = YES;
				CLANG_WARN_RANGE_LOOP_ANALYSIS = YES;
				CLANG_WARN_STRICT_PROTOTYPES = YES;
				CLANG_WARN_SUSPICIOUS_MOVE = YES;
				CLANG_WARN_UNGUARDED_AVAILABILITY = YES_AGGRESSIVE;
				CLANG_WARN_UNREACHABLE_CODE = YES;
				CLANG_WARN__DUPLICATE_METHOD_MATCH = YES;
				COPY_PHASE_STRIP = NO;
				DEBUG_INFORMATION_FORMAT = "dwarf-with-dsym";
				ENABLE_NS_ASSERTIONS = NO;
				ENABLE_STRICT_OBJC_MSGSEND = YES;
				GCC_C_LANGUAGE_STANDARD = gnu11;
				GCC_NO_COMMON_BLOCKS = YES;
				GCC_WARN_64_TO_32_BIT_CONVERSION = YES;
				GCC_WARN_ABOUT_RETURN_TYPE = YES_ERROR;
				GCC_WARN_UNDECLARED_SELECTOR = YES;
				GCC_WARN_UNINITIALIZED_AUTOS = YES_AGGRESSIVE;
				GCC_WARN_UNUSED_FUNCTION = YES;
				GCC_WARN_UNUSED_VARIABLE = YES;
				MTL_ENABLE_DEBUG_INFO = NO;
				MTL_FAST_MATH = YES;
				SWIFT_COMPILATION_MODE = wholemodule;
				SWIFT_OPTIMIZATION_LEVEL = "-O";
			};
			name = Release;
		};
		B7B0804A29FAD21F000C3681 /* Debug */ = {
			isa = XCBuildConfiguration;
			buildSettings = {
				API_IP = 13.38.123.142;
				ASSETCATALOG_COMPILER_APPICON_NAME = AppIcon;
				ASSETCATALOG_COMPILER_GLOBAL_ACCENT_COLOR_NAME = AccentColor;
				CODE_SIGN_ENTITLEMENTS = "TennisIO Watch App/TennisIO Watch App.entitlements";
				CODE_SIGN_STYLE = Automatic;
				CURRENT_PROJECT_VERSION = 1;
				DEVELOPMENT_TEAM = Y973D3Z679;
				ENABLE_PREVIEWS = YES;
				GENERATE_INFOPLIST_FILE = YES;
				INFOPLIST_FILE = "TennisIO-Watch-App-Info.plist";
				INFOPLIST_KEY_CFBundleDisplayName = TennisIO;
				INFOPLIST_KEY_UISupportedInterfaceOrientations = "UIInterfaceOrientationPortrait UIInterfaceOrientationPortraitUpsideDown";
				INFOPLIST_KEY_WKCompanionAppBundleIdentifier = edu.uoc.ivangonzalezz.TennisIO;
				INFOPLIST_KEY_WKRunsIndependentlyOfCompanionApp = YES;
				LD_RUNPATH_SEARCH_PATHS = (
					"$(inherited)",
					"@executable_path/Frameworks",
				);
				MARKETING_VERSION = 1.0;
				PRODUCT_BUNDLE_IDENTIFIER = edu.uoc.ivangonzalezz.TennisIO.watchkitapp;
				PRODUCT_NAME = "$(TARGET_NAME)";
				SDKROOT = watchos;
				SKIP_INSTALL = YES;
				SWIFT_EMIT_LOC_STRINGS = YES;
				SWIFT_VERSION = 5.0;
				TARGETED_DEVICE_FAMILY = 4;
				WATCHOS_DEPLOYMENT_TARGET = 9.4;
			};
			name = Debug;
		};
		B7B0804B29FAD21F000C3681 /* Release */ = {
			isa = XCBuildConfiguration;
			buildSettings = {
				API_IP = 13.38.123.142;
				ASSETCATALOG_COMPILER_APPICON_NAME = AppIcon;
				ASSETCATALOG_COMPILER_GLOBAL_ACCENT_COLOR_NAME = AccentColor;
				CODE_SIGN_ENTITLEMENTS = "TennisIO Watch App/TennisIO Watch App.entitlements";
				CODE_SIGN_STYLE = Automatic;
				CURRENT_PROJECT_VERSION = 1;
				DEVELOPMENT_TEAM = Y973D3Z679;
				ENABLE_PREVIEWS = YES;
				GENERATE_INFOPLIST_FILE = YES;
				INFOPLIST_FILE = "TennisIO-Watch-App-Info.plist";
				INFOPLIST_KEY_CFBundleDisplayName = TennisIO;
				INFOPLIST_KEY_UISupportedInterfaceOrientations = "UIInterfaceOrientationPortrait UIInterfaceOrientationPortraitUpsideDown";
				INFOPLIST_KEY_WKCompanionAppBundleIdentifier = edu.uoc.ivangonzalezz.TennisIO;
				INFOPLIST_KEY_WKRunsIndependentlyOfCompanionApp = YES;
				LD_RUNPATH_SEARCH_PATHS = (
					"$(inherited)",
					"@executable_path/Frameworks",
				);
				MARKETING_VERSION = 1.0;
				PRODUCT_BUNDLE_IDENTIFIER = edu.uoc.ivangonzalezz.TennisIO.watchkitapp;
				PRODUCT_NAME = "$(TARGET_NAME)";
				SDKROOT = watchos;
				SKIP_INSTALL = YES;
				SWIFT_EMIT_LOC_STRINGS = YES;
				SWIFT_VERSION = 5.0;
				TARGETED_DEVICE_FAMILY = 4;
				VALIDATE_PRODUCT = YES;
				WATCHOS_DEPLOYMENT_TARGET = 9.4;
			};
			name = Release;
		};
/* End XCBuildConfiguration section */

/* Begin XCConfigurationList section */
		B7B07FF829FAD1DD000C3681 /* Build configuration list for PBXProject "TennisIO" */ = {
			isa = XCConfigurationList;
			buildConfigurations = (
				B7B0804729FAD21F000C3681 /* Debug */,
				B7B0804829FAD21F000C3681 /* Release */,
			);
			defaultConfigurationIsVisible = 0;
			defaultConfigurationName = Release;
		};
		B7B0804929FAD21F000C3681 /* Build configuration list for PBXNativeTarget "TennisIO Watch App" */ = {
			isa = XCConfigurationList;
			buildConfigurations = (
				B7B0804A29FAD21F000C3681 /* Debug */,
				B7B0804B29FAD21F000C3681 /* Release */,
			);
			defaultConfigurationIsVisible = 0;
			defaultConfigurationName = Release;
		};
/* End XCConfigurationList section */

/* Begin XCVersionGroup section */
		B7D330DA29FF09510007183C /* TennisData.xcdatamodeld */ = {
			isa = XCVersionGroup;
			children = (
				B7D330DB29FF09510007183C /* TennisData.xcdatamodel */,
			);
			currentVersion = B7D330DB29FF09510007183C /* TennisData.xcdatamodel */;
			path = TennisData.xcdatamodeld;
			sourceTree = "<group>";
			versionGroupType = wrapper.xcdatamodel;
		};
/* End XCVersionGroup section */
	};
	rootObject = B7B07FF529FAD1DD000C3681 /* Project object */;
}
